
Microsoft Visual Studio Solution File, Format Version 12.00
# Visual Studio Version 17
VisualStudioVersion = 17.0.31919.166
MinimumVisualStudioVersion = 10.0.40219.1
Project("{8BC9CEB8-8B4A-11D0-8D11-00A0C91BC942}") = "LR_3", "LR_3.vcxproj", "{F9E1E583-5E4E-4E97-802A-7376F3C7C0F6}"
EndProject
Global
	GlobalSection(SolutionConfigurationPlatforms) = preSolution
		Debug|x64 = Debug|x64
		Debug|x86 = Debug|x86
		Release|x64 = Release|x64
		Release|x86 = Release|x86
	EndGlobalSection
	GlobalSection(ProjectConfigurationPlatforms) = postSolution
		{F9E1E583-5E4E-4E97-802A-7376F3C7C0F6}.Debug|x64.ActiveCfg = Debug|x64
		{F9E1E583-5E4E-4E97-802A-7376F3C7C0F6}.Debug|x64.Build.0 = Debug|x64
		{F9E1E583-5E4E-4E97-802A-7376F3C7C0F6}.Debug|x86.ActiveCfg = Debug|Win32
		{F9E1E583-5E4E-4E97-802A-7376F3C7C0F6}.Debug|x86.Build.0 = Debug|Win32
		{F9E1E583-5E4E-4E97-802A-7376F3C7C0F6}.Release|x64.ActiveCfg = Release|x64
		{F9E1E583-5E4E-4E97-802A-7376F3C7C0F6}.Release|x64.Build.0 = Release|x64
		{F9E1E583-5E4E-4E97-802A-7376F3C7C0F6}.Release|x86.ActiveCfg = Release|Win32
		{F9E1E583-5E4E-4E97-802A-7376F3C7C0F6}.Release|x86.Build.0 = Release|Win32
	EndGlobalSection
	GlobalSection(SolutionProperties) = preSolution
		HideSolutionNode = FALSE
	EndGlobalSection
	GlobalSection(ExtensibilityGlobals) = postSolution
		SolutionGuid = {842972EB-7152-49FE-8543-6319FEDAB46B}
	EndGlobalSection
EndGlobal
